PODS:
  - AFNetworking (4.0.1):
    - AFNetworking/NSURLSession (= 4.0.1)
    - AFNetworking/Reachability (= 4.0.1)
    - AFNetworking/Security (= 4.0.1)
    - AFNetworking/Serialization (= 4.0.1)
    - AFNetworking/UIKit (= 4.0.1)
  - AFNetworking/NSURLSession (4.0.1):
    - AFNetworking/Reachability
    - AFNetworking/Security
    - AFNetworking/Serialization
  - AFNetworking/Reachability (4.0.1)
  - AFNetworking/Security (4.0.1)
  - AFNetworking/Serialization (4.0.1)
  - AFNetworking/UIKit (4.0.1):
    - AFNetworking/NSURLSession
  - Appirater (2.3.1)
  - CocoaLumberjack (3.7.4):
    - CocoaLumberjack/Core (= 3.7.4)
  - CocoaLumberjack/Core (3.7.4)
  - FMDB (2.7.5):
    - FMDB/standard (= 2.7.5)
  - FMDB/standard (2.7.5)
  - iOSDFULibrary (4.13.0):
    - ZIPFoundation (= 0.9.11)
  - JXCategoryView (1.6.1)
  - Masonry (1.1.0)
  - MJRefresh (3.7.5)
  - Reachability (3.2)
  - ReactiveObjC (3.1.1)
  - SCIndexView (2.2.4)
  - SDAutoLayout (2.2.1)
  - SDWebImage (5.16.0):
    - SDWebImage/Core (= 5.16.0)
  - SDWebImage/Core (5.16.0)
  - Socket.IO-Client-Swift (15.2.0):
    - Starscream (~> 3.1)
  - Starscream (3.1.1)
  - SVProgressHUD (2.2.5)
  - Toast (4.0.0)
  - WechatOpenSDK-XCFramework (2.0.2)
  - YYModel (1.0.4)
  - YYText (1.0.7)
  - ZIPFoundation (0.9.11)

DEPENDENCIES:
  - AFNetworking
  - Appirater
  - CocoaLumberjack
  - FMDB
  - iOSDFULibrary (~> 4.13.0)
  - JXCategoryView
  - Masonry
  - MJRefresh
  - Reachability
  - ReactiveObjC
  - SCIndexView
  - SDAutoLayout
  - SDWebImage
  - Socket.IO-Client-Swift
  - SVProgressHUD
  - Toast
  - WechatOpenSDK-XCFramework
  - YYModel
  - YYText

SPEC REPOS:
  https://github.com/CocoaPods/Specs.git:
    - AFNetworking
    - Appirater
    - CocoaLumberjack
    - FMDB
    - iOSDFULibrary
    - JXCategoryView
    - Masonry
    - MJRefresh
    - Reachability
    - ReactiveObjC
    - SCIndexView
    - SDAutoLayout
    - SDWebImage
    - Socket.IO-Client-Swift
    - Starscream
    - SVProgressHUD
    - Toast
    - WechatOpenSDK-XCFramework
    - YYModel
    - YYText
    - ZIPFoundation

SPEC CHECKSUMS:
  AFNetworking: 3bd23d814e976cd148d7d44c3ab78017b744cd58
  Appirater: 44a4651f7912a17dc906b655f0c215d5bb768b84
  CocoaLumberjack: 543c79c114dadc3b1aba95641d8738b06b05b646
  FMDB: 2ce00b547f966261cd18927a3ddb07cb6f3db82a
  iOSDFULibrary: 3b9de67ed4bfb901b5f09c2fea843f65e152612d
  JXCategoryView: 7b1ee69ede4843c581688afe84d0f047723262f2
  Masonry: 678fab65091a9290e40e2832a55e7ab731aad201
  MJRefresh: fdf5e979eb406a0341468932d1dfc8b7f9fce961
  Reachability: 33e18b67625424e47b6cde6d202dce689ad7af96
  ReactiveObjC: 011caa393aa0383245f2dcf9bf02e86b80b36040
  SCIndexView: 20eba7a5ba1ffdf49a208031a82bf0549c0f9935
  SDAutoLayout: 8bf6b3bbc8b01f775d4defbb4fda2ace805461be
  SDWebImage: 2aea163b50bfcb569a2726b6a754c54a4506fcf6
  Socket.IO-Client-Swift: 1e3e3a1f09f3312a167f0d781eb2f383d477357c
  Starscream: 4bb2f9942274833f7b4d296a55504dcfc7edb7b0
  SVProgressHUD: 1428aafac632c1f86f62aa4243ec12008d7a51d6
  Toast: 91b396c56ee72a5790816f40d3a94dd357abc196
  WechatOpenSDK-XCFramework: acdeeda129efbef9532bca8a10c24e1b4b8c7d69
  YYModel: 2a7fdd96aaa4b86a824e26d0c517de8928c04b30
  YYText: 5c461d709e24d55a182d1441c41dc639a18a4849
  ZIPFoundation: b1f0de4eed33e74a676f76e12559ab6b75990197

PODFILE CHECKSUM: 5b05b6f550d252f1fbea27a3b95911f9ce798d40

COCOAPODS: 1.11.3
